// !$*UTF8*$!
{
	archiveVersion = 1;
	classes = {
	};
	objectVersion = 46;
	objects = {

/* Begin PBXBuildFile section */
		B84B816119AA6E5E00FFB2E7 /* foo.c in Sources */ = {isa = PBXBuildFile; fileRef = B85108CF19A003B8000D44C2 /* foo.c */; };
		B85108C0199FF450000D44C2 /* main.c in Sources */ = {isa = PBXBuildFile; fileRef = B85108BF199FF450000D44C2 /* main.c */; };
		B8DE576D19AAE9CA00EF7CE9 /* libbar.dylib in Frameworks */ = {isa = PBXBuildFile; fileRef = B8DE576C19AAE9CA00EF7CE9 /* libbar.dylib */; };
/* End PBXBuildFile section */

/* Begin PBXCopyFilesBuildPhase section */
		B85108BA199FF450000D44C2 /* CopyFiles */ = {
			isa = PBXCopyFilesBuildPhase;
			buildActionMask = 2147483647;
			dstPath = /usr/share/man/man1/;
			dstSubfolderSpec = 0;
			files = (
			);
			runOnlyForDeploymentPostprocessing = 1;
		};
/* End PBXCopyFilesBuildPhase section */

/* Begin PBXFileReference section */
		B85108BC199FF450000D44C2 /* c-swift-bridge */ = {isa = PBXFileReference; explicitFileType = "compiled.mach-o.executable"; includeInIndex = 0; path = "c-swift-bridge"; sourceTree = BUILT_PRODUCTS_DIR; };
		B85108BF199FF450000D44C2 /* main.c */ = {isa = PBXFileReference; lastKnownFileType = sourcecode.c.c; path = main.c; sourceTree = "<group>"; };
		B85108CA19A00374000D44C2 /* libfoo.a */ = {isa = PBXFileReference; explicitFileType = archive.ar; includeInIndex = 0; path = libfoo.a; sourceTree = BUILT_PRODUCTS_DIR; };
		B85108CF19A003B8000D44C2 /* foo.c */ = {isa = PBXFileReference; fileEncoding = 4; lastKnownFileType = sourcecode.c.c; name = foo.c; path = "c-swift-bridge/foo.c"; sourceTree = "<group>"; };
		B85108D019A003B8000D44C2 /* foo.h */ = {isa = PBXFileReference; fileEncoding = 4; lastKnownFileType = sourcecode.c.h; name = foo.h; path = "c-swift-bridge/foo.h"; sourceTree = "<group>"; };
		B8DE576C19AAE9CA00EF7CE9 /* libbar.dylib */ = {isa = PBXFileReference; lastKnownFileType = "compiled.mach-o.dylib"; name = libbar.dylib; path = "../../../Library/Developer/Xcode/DerivedData/Bridging-gboxdpelugovmrdnfcrojdqtbugc/Build/Products/Debug/libbar.dylib"; sourceTree = "<group>"; };
/* End PBXFileReference section */

/* Begin PBXFrameworksBuildPhase section */
		B85108B9199FF450000D44C2 /* Frameworks */ = {
			isa = PBXFrameworksBuildPhase;
			buildActionMask = 2147483647;
			files = (
				B8DE576D19AAE9CA00EF7CE9 /* libbar.dylib in Frameworks */,
			);
			runOnlyForDeploymentPostprocessing = 0;
		};
		B85108C719A00374000D44C2 /* Frameworks */ = {
			isa = PBXFrameworksBuildPhase;
			buildActionMask = 2147483647;
			files = (
			);
			runOnlyForDeploymentPostprocessing = 0;
		};
/* End PBXFrameworksBuildPhase section */

/* Begin PBXGroup section */
		B85108B3199FF450000D44C2 = {
			isa = PBXGroup;
			children = (
				B85108CE19A00381000D44C2 /* foo */,
				B85108BE199FF450000D44C2 /* c-swift-bridge */,
				B85108BD199FF450000D44C2 /* Products */,
			);
			sourceTree = "<group>";
		};
		B85108BD199FF450000D44C2 /* Products */ = {
			isa = PBXGroup;
			children = (
				B85108BC199FF450000D44C2 /* c-swift-bridge */,
				B85108CA19A00374000D44C2 /* libfoo.a */,
			);
			name = Products;
			sourceTree = "<group>";
		};
		B85108BE199FF450000D44C2 /* c-swift-bridge */ = {
			isa = PBXGroup;
			children = (
				B85108BF199FF450000D44C2 /* main.c */,
			);
			path = "c-swift-bridge";
			sourceTree = "<group>";
		};
		B85108CE19A00381000D44C2 /* foo */ = {
			isa = PBXGroup;
			children = (
				B85108CF19A003B8000D44C2 /* foo.c */,
				B85108D019A003B8000D44C2 /* foo.h */,
				B8DE576C19AAE9CA00EF7CE9 /* libbar.dylib */,
			);
			name = foo;
			sourceTree = "<group>";
		};
/* End PBXGroup section */

/* Begin PBXHeadersBuildPhase section */
		B85108C819A00374000D44C2 /* Headers */ = {
			isa = PBXHeadersBuildPhase;
			buildActionMask = 2147483647;
			files = (
			);
			runOnlyForDeploymentPostprocessing = 0;
		};
/* End PBXHeadersBuildPhase section */

/* Begin PBXNativeTarget section */
		B85108BB199FF450000D44C2 /* c-swift-bridge */ = {
			isa = PBXNativeTarget;
			buildConfigurationList = B85108C3199FF450000D44C2 /* Build configuration list for PBXNativeTarget "c-swift-bridge" */;
			buildPhases = (
				B85108B8199FF450000D44C2 /* Sources */,
				B85108B9199FF450000D44C2 /* Frameworks */,
				B85108BA199FF450000D44C2 /* CopyFiles */,
			);
			buildRules = (
			);
			dependencies = (
			);
			name = "c-swift-bridge";
			productName = "c-swift-bridge";
			productReference = B85108BC199FF450000D44C2 /* c-swift-bridge */;
			productType = "com.apple.product-type.tool";
		};
		B85108C919A00374000D44C2 /* foo */ = {
			isa = PBXNativeTarget;
			buildConfigurationList = B85108CD19A00374000D44C2 /* Build configuration list for PBXNativeTarget "foo" */;
			buildPhases = (
				B85108C619A00374000D44C2 /* Sources */,
				B85108C719A00374000D44C2 /* Frameworks */,
				B85108C819A00374000D44C2 /* Headers */,
			);
			buildRules = (
			);
			dependencies = (
			);
			name = foo;
			productName = libctest;
			productReference = B85108CA19A00374000D44C2 /* libfoo.a */;
			productType = "com.apple.product-type.library.static";
		};
/* End PBXNativeTarget section */

/* Begin PBXProject section */
		B85108B4199FF450000D44C2 /* Project object */ = {
			isa = PBXProject;
			attributes = {
				LastUpgradeCheck = 0600;
				ORGANIZATIONNAME = "Millinneal Media, Inc.";
				TargetAttributes = {
					B85108BB199FF450000D44C2 = {
						CreatedOnToolsVersion = 6.0;
					};
					B85108C919A00374000D44C2 = {
						CreatedOnToolsVersion = 6.0;
					};
				};
			};
			buildConfigurationList = B85108B7199FF450000D44C2 /* Build configuration list for PBXProject "c-swift-bridge" */;
			compatibilityVersion = "Xcode 3.2";
			developmentRegion = English;
			hasScannedForEncodings = 0;
			knownRegions = (
				en,
			);
			mainGroup = B85108B3199FF450000D44C2;
			productRefGroup = B85108BD199FF450000D44C2 /* Products */;
			projectDirPath = "";
			projectRoot = "";
			targets = (
				B85108BB199FF450000D44C2 /* c-swift-bridge */,
				B85108C919A00374000D44C2 /* foo */,
			);
		};
/* End PBXProject section */

/* Begin PBXSourcesBuildPhase section */
		B85108B8199FF450000D44C2 /* Sources */ = {
			isa = PBXSourcesBuildPhase;
			buildActionMask = 2147483647;
			files = (
				B85108C0199FF450000D44C2 /* main.c in Sources */,
			);
			runOnlyForDeploymentPostprocessing = 0;
		};
		B85108C619A00374000D44C2 /* Sources */ = {
			isa = PBXSourcesBuildPhase;
			buildActionMask = 2147483647;
			files = (
				B84B816119AA6E5E00FFB2E7 /* foo.c in Sources */,
			);
			runOnlyForDeploymentPostprocessing = 0;
		};
/* End PBXSourcesBuildPhase section */

/* Begin XCBuildConfiguration section */
		B85108C1199FF450000D44C2 /* Debug */ = {
			isa = XCBuildConfiguration;
			buildSettings = {
				ALWAYS_SEARCH_USER_PATHS = NO;
				CLANG_CXX_LANGUAGE_STANDARD = "gnu++0x";
				CLANG_CXX_LIBRARY = "libc++";
				CLANG_ENABLE_MODULES = YES;
				CLANG_ENABLE_OBJC_ARC = YES;
				CLANG_WARN_BOOL_CONVERSION = YES;
				CLANG_WARN_CONSTANT_CONVERSION = YES;
				CLANG_WARN_DIRECT_OBJC_ISA_USAGE = YES_ERROR;
				CLANG_WARN_EMPTY_BODY = YES;
				CLANG_WARN_ENUM_CONVERSION = YES;
				CLANG_WARN_INT_CONVERSION = YES;
				CLANG_WARN_OBJC_ROOT_CLASS = YES_ERROR;
				CLANG_WARN_UNREACHABLE_CODE = YES;
				CLANG_WARN__DUPLICATE_METHOD_MATCH = YES;
				COPY_PHASE_STRIP = NO;
				ENABLE_STRICT_OBJC_MSGSEND = YES;
				GCC_C_LANGUAGE_STANDARD = gnu99;
				GCC_DYNAMIC_NO_PIC = NO;
				GCC_OPTIMIZATION_LEVEL = 0;
				GCC_PREPROCESSOR_DEFINITIONS = (
					"DEBUG=1",
					"$(inherited)",
				);
				GCC_SYMBOLS_PRIVATE_EXTERN = NO;
				GCC_WARN_64_TO_32_BIT_CONVERSION = YES;
				GCC_WARN_ABOUT_RETURN_TYPE = YES_ERROR;
				GCC_WARN_UNDECLARED_SELECTOR = YES;
				GCC_WARN_UNINITIALIZED_AUTOS = YES_AGGRESSIVE;
				GCC_WARN_UNUSED_FUNCTION = YES;
				GCC_WARN_UNUSED_VARIABLE = YES;
				MACOSX_DEPLOYMENT_TARGET = 10.9;
				MTL_ENABLE_DEBUG_INFO = YES;
				ONLY_ACTIVE_ARCH = YES;
				SDKROOT = macosx;
			};
			name = Debug;
		};
		B85108C2199FF450000D44C2 /* Release */ = {
			isa = XCBuildConfiguration;
			buildSettings = {
				ALWAYS_SEARCH_USER_PATHS = NO;
				CLANG_CXX_LANGUAGE_STANDARD = "gnu++0x";
				CLANG_CXX_LIBRARY = "libc++";
				CLANG_ENABLE_MODULES = YES;
				CLANG_ENABLE_OBJC_ARC = YES;
				CLANG_WARN_BOOL_CONVERSION = YES;
				CLANG_WARN_CONSTANT_CONVERSION = YES;
				CLANG_WARN_DIRECT_OBJC_ISA_USAGE = YES_ERROR;
				CLANG_WARN_EMPTY_BODY = YES;
				CLANG_WARN_ENUM_CONVERSION = YES;
				CLANG_WARN_INT_CONVERSION = YES;
				CLANG_WARN_OBJC_ROOT_CLASS = YES_ERROR;
				CLANG_WARN_UNREACHABLE_CODE = YES;
				CLANG_WARN__DUPLICATE_METHOD_MATCH = YES;
				COPY_PHASE_STRIP = YES;
				DEBUG_INFORMATION_FORMAT = "dwarf-with-dsym";
				ENABLE_NS_ASSERTIONS = NO;
				ENABLE_STRICT_OBJC_MSGSEND = YES;
				GCC_C_LANGUAGE_STANDARD = gnu99;
				GCC_WARN_64_TO_32_BIT_CONVERSION = YES;
				GCC_WARN_ABOUT_RETURN_TYPE = YES_ERROR;
				GCC_WARN_UNDECLARED_SELECTOR = YES;
				GCC_WARN_UNINITIALIZED_AUTOS = YES_AGGRESSIVE;
				GCC_WARN_UNUSED_FUNCTION = YES;
				GCC_WARN_UNUSED_VARIABLE = YES;
				MACOSX_DEPLOYMENT_TARGET = 10.9;
				MTL_ENABLE_DEBUG_INFO = NO;
				SDKROOT = macosx;
			};
			name = Release;
		};
		B85108C4199FF450000D44C2 /* Debug */ = {
			isa = XCBuildConfiguration;
			buildSettings = {
				LIBRARY_SEARCH_PATHS = (
					"$(inherited)",
					"$(USER_LIBRARY_DIR)/Developer/Xcode/DerivedData/Bridging-gboxdpelugovmrdnfcrojdqtbugc/Build/Products/Debug",
				);
				PRODUCT_NAME = "$(TARGET_NAME)";
			};
			name = Debug;
		};
		B85108C5199FF450000D44C2 /* Release */ = {
			isa = XCBuildConfiguration;
			buildSettings = {
				LIBRARY_SEARCH_PATHS = (
					"$(inherited)",
					"$(USER_LIBRARY_DIR)/Developer/Xcode/DerivedData/Bridging-gboxdpelugovmrdnfcrojdqtbugc/Build/Products/Debug",
				);
				PRODUCT_NAME = "$(TARGET_NAME)";
			};
			name = Release;
		};
		B85108CB19A00374000D44C2 /* Debug */ = {
			isa = XCBuildConfiguration;
			buildSettings = {
				EXECUTABLE_PREFIX = lib;
				GCC_PREPROCESSOR_DEFINITIONS = (
					"DEBUG=1",
					"$(inherited)",
				);
				PRODUCT_NAME = "$(TARGET_NAME)";
			};
			name = Debug;
		};
		B85108CC19A00374000D44C2 /* Release */ = {
			isa = XCBuildConfiguration;
			buildSettings = {
				EXECUTABLE_PREFIX = lib;
				PRODUCT_NAME = "$(TARGET_NAME)";
			};
			name = Release;
		};
/* End XCBuildConfiguration section */

/* Begin XCConfigurationList section */
		B85108B7199FF450000D44C2 /* Build configuration list for PBXProject "c-swift-bridge" */ = {
			isa = XCConfigurationList;
			buildConfigurations = (
				B85108C1199FF450000D44C2 /* Debug */,
				B85108C2199FF450000D44C2 /* Release */,
			);
			defaultConfigurationIsVisible = 0;
			defaultConfigurationName = Release;
		};
		B85108C3199FF450000D44C2 /* Build configuration list for PBXNativeTarget "c-swift-bridge" */ = {
			isa = XCConfigurationList;
			buildConfigurations = (
				B85108C4199FF450000D44C2 /* Debug */,
				B85108C5199FF450000D44C2 /* Release */,
			);
			defaultConfigurationIsVisible = 0;
			defaultConfigurationName = Release;
		};
		B85108CD19A00374000D44C2 /* Build configuration list for PBXNativeTarget "foo" */ = {
			isa = XCConfigurationList;
			buildConfigurations = (
				B85108CB19A00374000D44C2 /* Debug */,
				B85108CC19A00374000D44C2 /* Release */,
			);
			defaultConfigurationIsVisible = 0;
			defaultConfigurationName = Release;
		};
/* End XCConfigurationList section */
	};
	rootObject = B85108B4199FF450000D44C2 /* Project object */;
}
